<?xml version="1.0" encoding="UTF-8"?>
<CodeBlocks_project_file>
	<FileVersion major="1" minor="6"/>
	<Project>
		<Option title="MaskedCNN"/>
		<Option makefile_is_custom="1"/>
		<Option compiler="gcc"/>
		<Option virtualFolders="CMake Files\;CMake Files\..\;CMake Files\..\..\;CMake Files\..\..\..\;CMake Files\..\..\..\..\;CMake Files\..\..\..\..\..\;CMake Files\..\..\..\..\..\usr\;CMake Files\..\..\..\..\..\usr\share\;CMake Files\..\..\..\..\..\usr\share\OpenCV\;CMake Files\test\;CMake Files\test\gtest\;CMake Files\test\gtest\tmp\;"/>
		<Build>
			<Target title="all">
				<Option working_dir="/home/oleg/Deep_learning/Thesis/MaskedCNN"/>
				<Option type="4"/>
				<MakeCommands>
					<Build command=" -f &quot;/home/oleg/Deep_learning/Thesis/MaskedCNN/Makefile&quot;  VERBOSE=1 all"/>
					<CompileFile command=" -f &quot;/home/oleg/Deep_learning/Thesis/MaskedCNN/Makefile&quot;  VERBOSE=1 &quot;$file&quot;"/>
					<Clean command=" -f &quot;/home/oleg/Deep_learning/Thesis/MaskedCNN/Makefile&quot;  VERBOSE=1 clean"/>
					<DistClean command=" -f &quot;/home/oleg/Deep_learning/Thesis/MaskedCNN/Makefile&quot;  VERBOSE=1 clean"/>
				</MakeCommands>
			</Target>
			<Target title="rebuild_cache">
				<Option working_dir="/home/oleg/Deep_learning/Thesis/MaskedCNN"/>
				<Option type="4"/>
				<MakeCommands>
					<Build command=" -f &quot;/home/oleg/Deep_learning/Thesis/MaskedCNN/Makefile&quot;  VERBOSE=1 rebuild_cache"/>
					<CompileFile command=" -f &quot;/home/oleg/Deep_learning/Thesis/MaskedCNN/Makefile&quot;  VERBOSE=1 &quot;$file&quot;"/>
					<Clean command=" -f &quot;/home/oleg/Deep_learning/Thesis/MaskedCNN/Makefile&quot;  VERBOSE=1 clean"/>
					<DistClean command=" -f &quot;/home/oleg/Deep_learning/Thesis/MaskedCNN/Makefile&quot;  VERBOSE=1 clean"/>
				</MakeCommands>
			</Target>
			<Target title="edit_cache">
				<Option working_dir="/home/oleg/Deep_learning/Thesis/MaskedCNN"/>
				<Option type="4"/>
				<MakeCommands>
					<Build command=" -f &quot;/home/oleg/Deep_learning/Thesis/MaskedCNN/Makefile&quot;  VERBOSE=1 edit_cache"/>
					<CompileFile command=" -f &quot;/home/oleg/Deep_learning/Thesis/MaskedCNN/Makefile&quot;  VERBOSE=1 &quot;$file&quot;"/>
					<Clean command=" -f &quot;/home/oleg/Deep_learning/Thesis/MaskedCNN/Makefile&quot;  VERBOSE=1 clean"/>
					<DistClean command=" -f &quot;/home/oleg/Deep_learning/Thesis/MaskedCNN/Makefile&quot;  VERBOSE=1 clean"/>
				</MakeCommands>
			</Target>
			<Target title="libmaskedcnn">
				<Option output="/home/oleg/Deep_learning/Thesis/MaskedCNN/liblibmaskedcnn.a" prefix_auto="0" extension_auto="0"/>
				<Option working_dir="/home/oleg/Deep_learning/Thesis/MaskedCNN"/>
				<Option object_output="./"/>
				<Option type="2"/>
				<Option compiler="gcc"/>
				<Compiler>
					<Add directory="/usr/include/opencv"/>
					<Add directory="/home/oleg/Deep_learning/Thesis/MaskedCNN/include"/>
					<Add directory="/home/oleg/Deep_learning/Thesis/MaskedCNN/include/maskedcnn"/>
				</Compiler>
				<MakeCommands>
					<Build command=" -f &quot;/home/oleg/Deep_learning/Thesis/MaskedCNN/Makefile&quot;  VERBOSE=1 libmaskedcnn"/>
					<CompileFile command=" -f &quot;/home/oleg/Deep_learning/Thesis/MaskedCNN/Makefile&quot;  VERBOSE=1 &quot;$file&quot;"/>
					<Clean command=" -f &quot;/home/oleg/Deep_learning/Thesis/MaskedCNN/Makefile&quot;  VERBOSE=1 clean"/>
					<DistClean command=" -f &quot;/home/oleg/Deep_learning/Thesis/MaskedCNN/Makefile&quot;  VERBOSE=1 clean"/>
				</MakeCommands>
			</Target>
			<Target title="libmaskedcnn/fast">
				<Option output="/home/oleg/Deep_learning/Thesis/MaskedCNN/liblibmaskedcnn.a" prefix_auto="0" extension_auto="0"/>
				<Option working_dir="/home/oleg/Deep_learning/Thesis/MaskedCNN"/>
				<Option object_output="./"/>
				<Option type="2"/>
				<Option compiler="gcc"/>
				<Compiler>
					<Add directory="/usr/include/opencv"/>
					<Add directory="/home/oleg/Deep_learning/Thesis/MaskedCNN/include"/>
					<Add directory="/home/oleg/Deep_learning/Thesis/MaskedCNN/include/maskedcnn"/>
				</Compiler>
				<MakeCommands>
					<Build command=" -f &quot;/home/oleg/Deep_learning/Thesis/MaskedCNN/Makefile&quot;  VERBOSE=1 libmaskedcnn/fast"/>
					<CompileFile command=" -f &quot;/home/oleg/Deep_learning/Thesis/MaskedCNN/Makefile&quot;  VERBOSE=1 &quot;$file&quot;"/>
					<Clean command=" -f &quot;/home/oleg/Deep_learning/Thesis/MaskedCNN/Makefile&quot;  VERBOSE=1 clean"/>
					<DistClean command=" -f &quot;/home/oleg/Deep_learning/Thesis/MaskedCNN/Makefile&quot;  VERBOSE=1 clean"/>
				</MakeCommands>
			</Target>
			<Target title="maskedcnn">
				<Option output="/home/oleg/Deep_learning/Thesis/MaskedCNN/bin/maskedcnn" prefix_auto="0" extension_auto="0"/>
				<Option working_dir="/home/oleg/Deep_learning/Thesis/MaskedCNN/bin"/>
				<Option object_output="./"/>
				<Option type="1"/>
				<Option compiler="gcc"/>
				<Compiler>
					<Add directory="/usr/include/opencv"/>
					<Add directory="/home/oleg/Deep_learning/Thesis/MaskedCNN/include"/>
					<Add directory="/home/oleg/Deep_learning/Thesis/MaskedCNN/include/maskedcnn"/>
				</Compiler>
				<MakeCommands>
					<Build command=" -f &quot;/home/oleg/Deep_learning/Thesis/MaskedCNN/Makefile&quot;  VERBOSE=1 maskedcnn"/>
					<CompileFile command=" -f &quot;/home/oleg/Deep_learning/Thesis/MaskedCNN/Makefile&quot;  VERBOSE=1 &quot;$file&quot;"/>
					<Clean command=" -f &quot;/home/oleg/Deep_learning/Thesis/MaskedCNN/Makefile&quot;  VERBOSE=1 clean"/>
					<DistClean command=" -f &quot;/home/oleg/Deep_learning/Thesis/MaskedCNN/Makefile&quot;  VERBOSE=1 clean"/>
				</MakeCommands>
			</Target>
			<Target title="maskedcnn/fast">
				<Option output="/home/oleg/Deep_learning/Thesis/MaskedCNN/bin/maskedcnn" prefix_auto="0" extension_auto="0"/>
				<Option working_dir="/home/oleg/Deep_learning/Thesis/MaskedCNN/bin"/>
				<Option object_output="./"/>
				<Option type="1"/>
				<Option compiler="gcc"/>
				<Compiler>
					<Add directory="/usr/include/opencv"/>
					<Add directory="/home/oleg/Deep_learning/Thesis/MaskedCNN/include"/>
					<Add directory="/home/oleg/Deep_learning/Thesis/MaskedCNN/include/maskedcnn"/>
				</Compiler>
				<MakeCommands>
					<Build command=" -f &quot;/home/oleg/Deep_learning/Thesis/MaskedCNN/Makefile&quot;  VERBOSE=1 maskedcnn/fast"/>
					<CompileFile command=" -f &quot;/home/oleg/Deep_learning/Thesis/MaskedCNN/Makefile&quot;  VERBOSE=1 &quot;$file&quot;"/>
					<Clean command=" -f &quot;/home/oleg/Deep_learning/Thesis/MaskedCNN/Makefile&quot;  VERBOSE=1 clean"/>
					<DistClean command=" -f &quot;/home/oleg/Deep_learning/Thesis/MaskedCNN/Makefile&quot;  VERBOSE=1 clean"/>
				</MakeCommands>
			</Target>
			<Target title="testmaskedcnn">
				<Option output="/home/oleg/Deep_learning/Thesis/MaskedCNN/bin/testmaskedcnn" prefix_auto="0" extension_auto="0"/>
				<Option working_dir="/home/oleg/Deep_learning/Thesis/MaskedCNN/bin"/>
				<Option object_output="./"/>
				<Option type="1"/>
				<Option compiler="gcc"/>
				<Compiler>
					<Add directory="/usr/include/opencv"/>
					<Add directory="/home/oleg/Deep_learning/Thesis/MaskedCNN/include"/>
					<Add directory="/home/oleg/Deep_learning/Thesis/MaskedCNN/include/maskedcnn"/>
					<Add directory="/home/oleg/Deep_learning/Thesis/MaskedCNN/test/gtest/src/gtest/googletest/include"/>
					<Add directory="/home/oleg/Deep_learning/Thesis/MaskedCNN/test/gtest/src/gtest/googlemock/include"/>
				</Compiler>
				<MakeCommands>
					<Build command=" -f &quot;/home/oleg/Deep_learning/Thesis/MaskedCNN/test/Makefile&quot;  VERBOSE=1 testmaskedcnn"/>
					<CompileFile command=" -f &quot;/home/oleg/Deep_learning/Thesis/MaskedCNN/test/Makefile&quot;  VERBOSE=1 &quot;$file&quot;"/>
					<Clean command=" -f &quot;/home/oleg/Deep_learning/Thesis/MaskedCNN/test/Makefile&quot;  VERBOSE=1 clean"/>
					<DistClean command=" -f &quot;/home/oleg/Deep_learning/Thesis/MaskedCNN/test/Makefile&quot;  VERBOSE=1 clean"/>
				</MakeCommands>
			</Target>
			<Target title="testmaskedcnn/fast">
				<Option output="/home/oleg/Deep_learning/Thesis/MaskedCNN/bin/testmaskedcnn" prefix_auto="0" extension_auto="0"/>
				<Option working_dir="/home/oleg/Deep_learning/Thesis/MaskedCNN/bin"/>
				<Option object_output="./"/>
				<Option type="1"/>
				<Option compiler="gcc"/>
				<Compiler>
					<Add directory="/usr/include/opencv"/>
					<Add directory="/home/oleg/Deep_learning/Thesis/MaskedCNN/include"/>
					<Add directory="/home/oleg/Deep_learning/Thesis/MaskedCNN/include/maskedcnn"/>
					<Add directory="/home/oleg/Deep_learning/Thesis/MaskedCNN/test/gtest/src/gtest/googletest/include"/>
					<Add directory="/home/oleg/Deep_learning/Thesis/MaskedCNN/test/gtest/src/gtest/googlemock/include"/>
				</Compiler>
				<MakeCommands>
					<Build command=" -f &quot;/home/oleg/Deep_learning/Thesis/MaskedCNN/test/Makefile&quot;  VERBOSE=1 testmaskedcnn/fast"/>
					<CompileFile command=" -f &quot;/home/oleg/Deep_learning/Thesis/MaskedCNN/test/Makefile&quot;  VERBOSE=1 &quot;$file&quot;"/>
					<Clean command=" -f &quot;/home/oleg/Deep_learning/Thesis/MaskedCNN/test/Makefile&quot;  VERBOSE=1 clean"/>
					<DistClean command=" -f &quot;/home/oleg/Deep_learning/Thesis/MaskedCNN/test/Makefile&quot;  VERBOSE=1 clean"/>
				</MakeCommands>
			</Target>
			<Target title="gtest">
				<Option working_dir="/home/oleg/Deep_learning/Thesis/MaskedCNN/test"/>
				<Option type="4"/>
				<MakeCommands>
					<Build command=" -f &quot;/home/oleg/Deep_learning/Thesis/MaskedCNN/test/Makefile&quot;  VERBOSE=1 gtest"/>
					<CompileFile command=" -f &quot;/home/oleg/Deep_learning/Thesis/MaskedCNN/test/Makefile&quot;  VERBOSE=1 &quot;$file&quot;"/>
					<Clean command=" -f &quot;/home/oleg/Deep_learning/Thesis/MaskedCNN/test/Makefile&quot;  VERBOSE=1 clean"/>
					<DistClean command=" -f &quot;/home/oleg/Deep_learning/Thesis/MaskedCNN/test/Makefile&quot;  VERBOSE=1 clean"/>
				</MakeCommands>
			</Target>
		</Build>
		<Unit filename="/home/oleg/Deep_learning/Thesis/MaskedCNN/include/maskedcnn/Activation.hpp">
			<Option target="libmaskedcnn"/>
			<Option target="maskedcnn"/>
		</Unit>
		<Unit filename="/home/oleg/Deep_learning/Thesis/MaskedCNN/include/maskedcnn/ConvOps.hpp">
			<Option target="libmaskedcnn"/>
			<Option target="maskedcnn"/>
		</Unit>
		<Unit filename="/home/oleg/Deep_learning/Thesis/MaskedCNN/include/maskedcnn/ConvolutionalLayer.hpp">
			<Option target="libmaskedcnn"/>
			<Option target="maskedcnn"/>
		</Unit>
		<Unit filename="/home/oleg/Deep_learning/Thesis/MaskedCNN/include/maskedcnn/DataLoader.hpp">
			<Option target="libmaskedcnn"/>
			<Option target="maskedcnn"/>
		</Unit>
		<Unit filename="/home/oleg/Deep_learning/Thesis/MaskedCNN/include/maskedcnn/FullyConnectedLayer.hpp">
			<Option target="libmaskedcnn"/>
			<Option target="maskedcnn"/>
		</Unit>
		<Unit filename="/home/oleg/Deep_learning/Thesis/MaskedCNN/include/maskedcnn/InputLayer.hpp">
			<Option target="libmaskedcnn"/>
			<Option target="maskedcnn"/>
		</Unit>
		<Unit filename="/home/oleg/Deep_learning/Thesis/MaskedCNN/include/maskedcnn/Layer.hpp">
			<Option target="libmaskedcnn"/>
			<Option target="maskedcnn"/>
		</Unit>
		<Unit filename="/home/oleg/Deep_learning/Thesis/MaskedCNN/include/maskedcnn/Network.hpp">
			<Option target="libmaskedcnn"/>
			<Option target="maskedcnn"/>
		</Unit>
		<Unit filename="/home/oleg/Deep_learning/Thesis/MaskedCNN/include/maskedcnn/PoolLayer.hpp">
			<Option target="libmaskedcnn"/>
			<Option target="maskedcnn"/>
		</Unit>
		<Unit filename="/home/oleg/Deep_learning/Thesis/MaskedCNN/include/maskedcnn/SoftmaxLayer.hpp">
			<Option target="libmaskedcnn"/>
			<Option target="maskedcnn"/>
		</Unit>
		<Unit filename="/home/oleg/Deep_learning/Thesis/MaskedCNN/include/maskedcnn/Tensor.hpp">
			<Option target="libmaskedcnn"/>
			<Option target="maskedcnn"/>
		</Unit>
		<Unit filename="/home/oleg/Deep_learning/Thesis/MaskedCNN/include/maskedcnn/Training.hpp">
			<Option target="libmaskedcnn"/>
			<Option target="maskedcnn"/>
		</Unit>
		<Unit filename="/home/oleg/Deep_learning/Thesis/MaskedCNN/include/maskedcnn/TrainingRegime.hpp">
			<Option target="libmaskedcnn"/>
			<Option target="maskedcnn"/>
		</Unit>
		<Unit filename="/home/oleg/Deep_learning/Thesis/MaskedCNN/include/maskedcnn/Util.hpp">
			<Option target="libmaskedcnn"/>
			<Option target="maskedcnn"/>
		</Unit>
		<Unit filename="/home/oleg/Deep_learning/Thesis/MaskedCNN/src/Activation.cpp">
			<Option target="libmaskedcnn"/>
			<Option target="maskedcnn"/>
		</Unit>
		<Unit filename="/home/oleg/Deep_learning/Thesis/MaskedCNN/src/ConvolutionalLayer.cpp">
			<Option target="libmaskedcnn"/>
			<Option target="maskedcnn"/>
		</Unit>
		<Unit filename="/home/oleg/Deep_learning/Thesis/MaskedCNN/src/DataLoader.cpp">
			<Option target="libmaskedcnn"/>
			<Option target="maskedcnn"/>
		</Unit>
		<Unit filename="/home/oleg/Deep_learning/Thesis/MaskedCNN/src/FullyConnectedLayer.cpp">
			<Option target="libmaskedcnn"/>
			<Option target="maskedcnn"/>
		</Unit>
		<Unit filename="/home/oleg/Deep_learning/Thesis/MaskedCNN/src/InputLayer.cpp">
			<Option target="libmaskedcnn"/>
			<Option target="maskedcnn"/>
		</Unit>
		<Unit filename="/home/oleg/Deep_learning/Thesis/MaskedCNN/src/Layer.cpp">
			<Option target="libmaskedcnn"/>
			<Option target="maskedcnn"/>
		</Unit>
		<Unit filename="/home/oleg/Deep_learning/Thesis/MaskedCNN/src/Network.cpp">
			<Option target="libmaskedcnn"/>
			<Option target="maskedcnn"/>
		</Unit>
		<Unit filename="/home/oleg/Deep_learning/Thesis/MaskedCNN/src/PoolLayer.cpp">
			<Option target="libmaskedcnn"/>
			<Option target="maskedcnn"/>
		</Unit>
		<Unit filename="/home/oleg/Deep_learning/Thesis/MaskedCNN/src/SoftmaxLayer.cpp">
			<Option target="libmaskedcnn"/>
			<Option target="maskedcnn"/>
		</Unit>
		<Unit filename="/home/oleg/Deep_learning/Thesis/MaskedCNN/src/Training.cpp">
			<Option target="libmaskedcnn"/>
			<Option target="maskedcnn"/>
		</Unit>
		<Unit filename="/home/oleg/Deep_learning/Thesis/MaskedCNN/test/src/ConvolutionTest.cpp">
			<Option target="testmaskedcnn"/>
		</Unit>
		<Unit filename="/home/oleg/Deep_learning/Thesis/MaskedCNN/CMakeLists.txt">
			<Option virtualFolder="CMake Files\"/>
		</Unit>
		<Unit filename="/home/oleg/Deep_learning/Thesis/MaskedCNN/../../../../../usr/share/OpenCV/OpenCVConfig-version.cmake">
			<Option virtualFolder="CMake Files\..\..\..\..\..\usr\share\OpenCV\"/>
		</Unit>
		<Unit filename="/home/oleg/Deep_learning/Thesis/MaskedCNN/../../../../../usr/share/OpenCV/OpenCVConfig.cmake">
			<Option virtualFolder="CMake Files\..\..\..\..\..\usr\share\OpenCV\"/>
		</Unit>
		<Unit filename="/home/oleg/Deep_learning/Thesis/MaskedCNN/../../../../../usr/share/OpenCV/OpenCVModules.cmake">
			<Option virtualFolder="CMake Files\..\..\..\..\..\usr\share\OpenCV\"/>
		</Unit>
		<Unit filename="/home/oleg/Deep_learning/Thesis/MaskedCNN/../../../../../usr/share/OpenCV/OpenCVModules-release.cmake">
			<Option virtualFolder="CMake Files\..\..\..\..\..\usr\share\OpenCV\"/>
		</Unit>
		<Unit filename="/home/oleg/Deep_learning/Thesis/MaskedCNN/test/CMakeLists.txt">
			<Option virtualFolder="CMake Files\test\"/>
		</Unit>
		<Unit filename="/home/oleg/Deep_learning/Thesis/MaskedCNN/test/gtest/tmp/gtest-cfgcmd.txt.in">
			<Option virtualFolder="CMake Files\test\gtest\tmp\"/>
		</Unit>
	</Project>
</CodeBlocks_project_file>
